
Microsoft Visual Studio Solution File, Format Version 12.00
# Visual Studio Version 17
VisualStudioVersion = 17.8.34322.80
MinimumVisualStudioVersion = 10.0.40219.1
Project("{2150E333-8FDC-42A3-9474-1A3956D46DE8}") = "src", "src", "{B2A2A001-0001-0001-0001-000000000001}"
EndProject
Project("{FAE04EC0-301F-11D3-BF4B-00C04F79EFBC}") = "AgentHandoff.Engine", "src\AgentHandoff.Engine\AgentHandoff.Engine.csproj", "{A1A1A001-0001-0001-0001-000000000001}"
EndProject
Project("{FAE04EC0-301F-11D3-BF4B-00C04F79EFBC}") = "AgentHandoff.Api", "src\AgentHandoff.Api\AgentHandoff.Api.csproj", "{A2A2A002-0002-0002-0002-000000000002}"
EndProject
Project("{FAE04EC0-301F-11D3-BF4B-00C04F79EFBC}") = "AgentHandoff.McpServer", "src\AgentHandoff.McpServer\AgentHandoff.McpServer.csproj", "{A3A3A003-0003-0003-0003-000000000003}"
EndProject
Project("{FAE04EC0-301F-11D3-BF4B-00C04F79EFBC}") = "AgentHandoff.Console", "src\AgentHandoff.Console\AgentHandoff.Console.csproj", "{A4A4A004-0004-0004-0004-000000000004}"
EndProject
Project("{FAE04EC0-301F-11D3-BF4B-00C04F79EFBC}") = "AgentHandoff.McpServerWeb", "src\AgentHandoff.McpServerWeb\AgentHandoff.McpServerWeb.csproj", "{A5A5A005-0005-0005-0005-000000000005}"
EndProject
Project("{FAE04EC0-301F-11D3-BF4B-00C04F79EFBC}") = "AgentHandoff.VoiceGateway", "src\AgentHandoff.VoiceGateway\AgentHandoff.VoiceGateway.csproj", "{A165880D-AB08-4D84-8319-83F49945946B}"
EndProject
Global
	GlobalSection(SolutionConfigurationPlatforms) = preSolution
		Debug|Any CPU = Debug|Any CPU
		Debug|x64 = Debug|x64
		Debug|x86 = Debug|x86
		Release|Any CPU = Release|Any CPU
		Release|x64 = Release|x64
		Release|x86 = Release|x86
	EndGlobalSection
	GlobalSection(ProjectConfigurationPlatforms) = postSolution
		{A1A1A001-0001-0001-0001-000000000001}.Debug|Any CPU.ActiveCfg = Debug|Any CPU
		{A1A1A001-0001-0001-0001-000000000001}.Debug|Any CPU.Build.0 = Debug|Any CPU
		{A1A1A001-0001-0001-0001-000000000001}.Debug|x64.ActiveCfg = Debug|Any CPU
		{A1A1A001-0001-0001-0001-000000000001}.Debug|x64.Build.0 = Debug|Any CPU
		{A1A1A001-0001-0001-0001-000000000001}.Debug|x86.ActiveCfg = Debug|Any CPU
		{A1A1A001-0001-0001-0001-000000000001}.Debug|x86.Build.0 = Debug|Any CPU
		{A1A1A001-0001-0001-0001-000000000001}.Release|Any CPU.ActiveCfg = Release|Any CPU
		{A1A1A001-0001-0001-0001-000000000001}.Release|Any CPU.Build.0 = Release|Any CPU
		{A1A1A001-0001-0001-0001-000000000001}.Release|x64.ActiveCfg = Release|Any CPU
		{A1A1A001-0001-0001-0001-000000000001}.Release|x64.Build.0 = Release|Any CPU
		{A1A1A001-0001-0001-0001-000000000001}.Release|x86.ActiveCfg = Release|Any CPU
		{A1A1A001-0001-0001-0001-000000000001}.Release|x86.Build.0 = Release|Any CPU
		{A2A2A002-0002-0002-0002-000000000002}.Debug|Any CPU.ActiveCfg = Debug|Any CPU
		{A2A2A002-0002-0002-0002-000000000002}.Debug|Any CPU.Build.0 = Debug|Any CPU
		{A2A2A002-0002-0002-0002-000000000002}.Debug|x64.ActiveCfg = Debug|Any CPU
		{A2A2A002-0002-0002-0002-000000000002}.Debug|x64.Build.0 = Debug|Any CPU
		{A2A2A002-0002-0002-0002-000000000002}.Debug|x86.ActiveCfg = Debug|Any CPU
		{A2A2A002-0002-0002-0002-000000000002}.Debug|x86.Build.0 = Debug|Any CPU
		{A2A2A002-0002-0002-0002-000000000002}.Release|Any CPU.ActiveCfg = Release|Any CPU
		{A2A2A002-0002-0002-0002-000000000002}.Release|Any CPU.Build.0 = Release|Any CPU
		{A2A2A002-0002-0002-0002-000000000002}.Release|x64.ActiveCfg = Release|Any CPU
		{A2A2A002-0002-0002-0002-000000000002}.Release|x64.Build.0 = Release|Any CPU
		{A2A2A002-0002-0002-0002-000000000002}.Release|x86.ActiveCfg = Release|Any CPU
		{A2A2A002-0002-0002-0002-000000000002}.Release|x86.Build.0 = Release|Any CPU
		{A3A3A003-0003-0003-0003-000000000003}.Debug|Any CPU.ActiveCfg = Debug|Any CPU
		{A3A3A003-0003-0003-0003-000000000003}.Debug|Any CPU.Build.0 = Debug|Any CPU
		{A3A3A003-0003-0003-0003-000000000003}.Debug|x64.ActiveCfg = Debug|Any CPU
		{A3A3A003-0003-0003-0003-000000000003}.Debug|x64.Build.0 = Debug|Any CPU
		{A3A3A003-0003-0003-0003-000000000003}.Debug|x86.ActiveCfg = Debug|Any CPU
		{A3A3A003-0003-0003-0003-000000000003}.Debug|x86.Build.0 = Debug|Any CPU
		{A3A3A003-0003-0003-0003-000000000003}.Release|Any CPU.ActiveCfg = Release|Any CPU
		{A3A3A003-0003-0003-0003-000000000003}.Release|Any CPU.Build.0 = Release|Any CPU
		{A3A3A003-0003-0003-0003-000000000003}.Release|x64.ActiveCfg = Release|Any CPU
		{A3A3A003-0003-0003-0003-000000000003}.Release|x64.Build.0 = Release|Any CPU
		{A3A3A003-0003-0003-0003-000000000003}.Release|x86.ActiveCfg = Release|Any CPU
		{A3A3A003-0003-0003-0003-000000000003}.Release|x86.Build.0 = Release|Any CPU
		{A4A4A004-0004-0004-0004-000000000004}.Debug|Any CPU.ActiveCfg = Debug|Any CPU
		{A4A4A004-0004-0004-0004-000000000004}.Debug|Any CPU.Build.0 = Debug|Any CPU
		{A4A4A004-0004-0004-0004-000000000004}.Debug|x64.ActiveCfg = Debug|Any CPU
		{A4A4A004-0004-0004-0004-000000000004}.Debug|x64.Build.0 = Debug|Any CPU
		{A4A4A004-0004-0004-0004-000000000004}.Debug|x86.ActiveCfg = Debug|Any CPU
		{A4A4A004-0004-0004-0004-000000000004}.Debug|x86.Build.0 = Debug|Any CPU
		{A4A4A004-0004-0004-0004-000000000004}.Release|Any CPU.ActiveCfg = Release|Any CPU
		{A4A4A004-0004-0004-0004-000000000004}.Release|Any CPU.Build.0 = Release|Any CPU
		{A4A4A004-0004-0004-0004-000000000004}.Release|x64.ActiveCfg = Release|Any CPU
		{A4A4A004-0004-0004-0004-000000000004}.Release|x64.Build.0 = Release|Any CPU
		{A4A4A004-0004-0004-0004-000000000004}.Release|x86.ActiveCfg = Release|Any CPU
		{A4A4A004-0004-0004-0004-000000000004}.Release|x86.Build.0 = Release|Any CPU
		{A5A5A005-0005-0005-0005-000000000005}.Debug|Any CPU.ActiveCfg = Debug|Any CPU
		{A5A5A005-0005-0005-0005-000000000005}.Debug|Any CPU.Build.0 = Debug|Any CPU
		{A5A5A005-0005-0005-0005-000000000005}.Debug|x64.ActiveCfg = Debug|Any CPU
		{A5A5A005-0005-0005-0005-000000000005}.Debug|x64.Build.0 = Debug|Any CPU
		{A5A5A005-0005-0005-0005-000000000005}.Debug|x86.ActiveCfg = Debug|Any CPU
		{A5A5A005-0005-0005-0005-000000000005}.Debug|x86.Build.0 = Debug|Any CPU
		{A5A5A005-0005-0005-0005-000000000005}.Release|Any CPU.ActiveCfg = Release|Any CPU
		{A5A5A005-0005-0005-0005-000000000005}.Release|Any CPU.Build.0 = Release|Any CPU
		{A5A5A005-0005-0005-0005-000000000005}.Release|x64.ActiveCfg = Release|Any CPU
		{A5A5A005-0005-0005-0005-000000000005}.Release|x64.Build.0 = Release|Any CPU
		{A5A5A005-0005-0005-0005-000000000005}.Release|x86.ActiveCfg = Release|Any CPU
		{A5A5A005-0005-0005-0005-000000000005}.Release|x86.Build.0 = Release|Any CPU
		{A165880D-AB08-4D84-8319-83F49945946B}.Debug|Any CPU.ActiveCfg = Debug|Any CPU
		{A165880D-AB08-4D84-8319-83F49945946B}.Debug|Any CPU.Build.0 = Debug|Any CPU
		{A165880D-AB08-4D84-8319-83F49945946B}.Debug|x64.ActiveCfg = Debug|Any CPU
		{A165880D-AB08-4D84-8319-83F49945946B}.Debug|x64.Build.0 = Debug|Any CPU
		{A165880D-AB08-4D84-8319-83F49945946B}.Debug|x86.ActiveCfg = Debug|Any CPU
		{A165880D-AB08-4D84-8319-83F49945946B}.Debug|x86.Build.0 = Debug|Any CPU
		{A165880D-AB08-4D84-8319-83F49945946B}.Release|Any CPU.ActiveCfg = Release|Any CPU
		{A165880D-AB08-4D84-8319-83F49945946B}.Release|Any CPU.Build.0 = Release|Any CPU
		{A165880D-AB08-4D84-8319-83F49945946B}.Release|x64.ActiveCfg = Release|Any CPU
		{A165880D-AB08-4D84-8319-83F49945946B}.Release|x64.Build.0 = Release|Any CPU
		{A165880D-AB08-4D84-8319-83F49945946B}.Release|x86.ActiveCfg = Release|Any CPU
		{A165880D-AB08-4D84-8319-83F49945946B}.Release|x86.Build.0 = Release|Any CPU
	EndGlobalSection
	GlobalSection(SolutionProperties) = preSolution
		HideSolutionNode = FALSE
	EndGlobalSection
	GlobalSection(NestedProjects) = preSolution
		{A1A1A001-0001-0001-0001-000000000001} = {B2A2A001-0001-0001-0001-000000000001}
		{A2A2A002-0002-0002-0002-000000000002} = {B2A2A001-0001-0001-0001-000000000001}
		{A3A3A003-0003-0003-0003-000000000003} = {B2A2A001-0001-0001-0001-000000000001}
		{A4A4A004-0004-0004-0004-000000000004} = {B2A2A001-0001-0001-0001-000000000001}
		{A5A5A005-0005-0005-0005-000000000005} = {B2A2A001-0001-0001-0001-000000000001}
		{A165880D-AB08-4D84-8319-83F49945946B} = {B2A2A001-0001-0001-0001-000000000001}
	EndGlobalSection
EndGlobal
